
Microsoft Visual Studio Solution File, Format Version 12.00
# Visual Studio Version 17
VisualStudioVersion = 17.0.31919.166
MinimumVisualStudioVersion = 10.0.40219.1
Project("{2150E333-8FDC-42A3-9474-1A3956D46DE8}") = ".items", ".items", "{75AC41E9-2B8B-4D76-A7DF-A18F4FB9D6D6}"
	ProjectSection(SolutionItems) = preProject
		.gitignore = .gitignore
		azure-pipelines.yml = azure-pipelines.yml
		Directory.Build.props = Directory.Build.props
		GitVersion.yml = GitVersion.yml
		global.json = global.json
		icon.png = icon.png
		LICENSE = LICENSE
		README.md = README.md
	EndProjectSection
EndProject
Project("{2150E333-8FDC-42A3-9474-1A3956D46DE8}") = "src", "src", "{DF28D730-99B3-4811-AAC7-725A73B3F668}"
EndProject
Project("{2150E333-8FDC-42A3-9474-1A3956D46DE8}") = "tests", "tests", "{F18D2D58-282C-4D93-8D9A-3A76CF98F018}"
EndProject
Project("{FAE04EC0-301F-11D3-BF4B-00C04F79EFBC}") = "Fluxera.ValueObject", "src\Fluxera.ValueObject\Fluxera.ValueObject.csproj", "{0112DE42-7C32-4ECC-A5C1-6839C63A689C}"
EndProject
Project("{FAE04EC0-301F-11D3-BF4B-00C04F79EFBC}") = "Fluxera.ValueObject.UnitTests", "tests\Fluxera.ValueObject.UnitTests\Fluxera.ValueObject.UnitTests.csproj", "{6F6CAF72-1D71-434B-AD09-7A9216669502}"
EndProject
Global
	GlobalSection(SolutionConfigurationPlatforms) = preSolution
		Debug|Any CPU = Debug|Any CPU
		Release|Any CPU = Release|Any CPU
	EndGlobalSection
	GlobalSection(ProjectConfigurationPlatforms) = postSolution
		{0112DE42-7C32-4ECC-A5C1-6839C63A689C}.Debug|Any CPU.ActiveCfg = Debug|Any CPU
		{0112DE42-7C32-4ECC-A5C1-6839C63A689C}.Debug|Any CPU.Build.0 = Debug|Any CPU
		{0112DE42-7C32-4ECC-A5C1-6839C63A689C}.Release|Any CPU.ActiveCfg = Release|Any CPU
		{0112DE42-7C32-4ECC-A5C1-6839C63A689C}.Release|Any CPU.Build.0 = Release|Any CPU
		{6F6CAF72-1D71-434B-AD09-7A9216669502}.Debug|Any CPU.ActiveCfg = Debug|Any CPU
		{6F6CAF72-1D71-434B-AD09-7A9216669502}.Debug|Any CPU.Build.0 = Debug|Any CPU
		{6F6CAF72-1D71-434B-AD09-7A9216669502}.Release|Any CPU.ActiveCfg = Release|Any CPU
		{6F6CAF72-1D71-434B-AD09-7A9216669502}.Release|Any CPU.Build.0 = Release|Any CPU
	EndGlobalSection
	GlobalSection(SolutionProperties) = preSolution
		HideSolutionNode = FALSE
	EndGlobalSection
	GlobalSection(NestedProjects) = preSolution
		{0112DE42-7C32-4ECC-A5C1-6839C63A689C} = {DF28D730-99B3-4811-AAC7-725A73B3F668}
		{6F6CAF72-1D71-434B-AD09-7A9216669502} = {F18D2D58-282C-4D93-8D9A-3A76CF98F018}
	EndGlobalSection
	GlobalSection(ExtensibilityGlobals) = postSolution
		SolutionGuid = {D97BF2AF-6E68-4E88-BF70-773A86E26013}
	EndGlobalSection
EndGlobal
